
Microsoft Visual Studio Solution File, Format Version 12.00
# Visual Studio Version 16
VisualStudioVersion = 16.0.31112.23
MinimumVisualStudioVersion = 10.0.40219.1
Project("{9A19103F-16F7-4668-BE54-9A1E7A4F7556}") = "webApiProject", "webApiProject\webApiProject.csproj", "{787924C1-C10A-4DDD-83D0-0692D7C12FB8}"
EndProject
Project("{FAE04EC0-301F-11D3-BF4B-00C04F79EFBC}") = "sso", "sso\sso.csproj", "{3D2E71DB-4E1F-41F2-BEBD-4A3E8B330C4F}"
EndProject
Global
	GlobalSection(SolutionConfigurationPlatforms) = preSolution
		Debug|Any CPU = Debug|Any CPU
		Release|Any CPU = Release|Any CPU
	EndGlobalSection
	GlobalSection(ProjectConfigurationPlatforms) = postSolution
		{787924C1-C10A-4DDD-83D0-0692D7C12FB8}.Debug|Any CPU.ActiveCfg = Debug|Any CPU
		{787924C1-C10A-4DDD-83D0-0692D7C12FB8}.Debug|Any CPU.Build.0 = Debug|Any CPU
		{787924C1-C10A-4DDD-83D0-0692D7C12FB8}.Release|Any CPU.ActiveCfg = Release|Any CPU
		{787924C1-C10A-4DDD-83D0-0692D7C12FB8}.Release|Any CPU.Build.0 = Release|Any CPU
		{3D2E71DB-4E1F-41F2-BEBD-4A3E8B330C4F}.Debug|Any CPU.ActiveCfg = Debug|Any CPU
		{3D2E71DB-4E1F-41F2-BEBD-4A3E8B330C4F}.Debug|Any CPU.Build.0 = Debug|Any CPU
		{3D2E71DB-4E1F-41F2-BEBD-4A3E8B330C4F}.Release|Any CPU.ActiveCfg = Release|Any CPU
		{3D2E71DB-4E1F-41F2-BEBD-4A3E8B330C4F}.Release|Any CPU.Build.0 = Release|Any CPU
	EndGlobalSection
	GlobalSection(SolutionProperties) = preSolution
		HideSolutionNode = FALSE
	EndGlobalSection
	GlobalSection(ExtensibilityGlobals) = postSolution
		SolutionGuid = {CF4863D3-6626-4256-B2BA-003C9ECADC9E}
	EndGlobalSection
EndGlobal
